
Microsoft Visual Studio Solution File, Format Version 12.00
# Visual Studio Version 16
VisualStudioVersion = 16.0.30503.244
MinimumVisualStudioVersion = 10.0.40219.1
Project("{FAE04EC0-301F-11D3-BF4B-00C04F79EFBC}") = "Segment_visual", "Segment_visual\Segment_visual.csproj", "{60698DCA-785B-4388-8D5A-19BDE31131CC}"
EndProject
Global
	GlobalSection(SolutionConfigurationPlatforms) = preSolution
		Debug|Any CPU = Debug|Any CPU
		Release|Any CPU = Release|Any CPU
	EndGlobalSection
	GlobalSection(ProjectConfigurationPlatforms) = postSolution
		{60698DCA-785B-4388-8D5A-19BDE31131CC}.Debug|Any CPU.ActiveCfg = Debug|Any CPU
		{60698DCA-785B-4388-8D5A-19BDE31131CC}.Debug|Any CPU.Build.0 = Debug|Any CPU
		{60698DCA-785B-4388-8D5A-19BDE31131CC}.Release|Any CPU.ActiveCfg = Release|Any CPU
		{60698DCA-785B-4388-8D5A-19BDE31131CC}.Release|Any CPU.Build.0 = Release|Any CPU
	EndGlobalSection
	GlobalSection(SolutionProperties) = preSolution
		HideSolutionNode = FALSE
	EndGlobalSection
	GlobalSection(ExtensibilityGlobals) = postSolution
		SolutionGuid = {9870F47E-DF94-4AC1-8E5C-B388FAA3A741}
	EndGlobalSection
EndGlobal
